// !$*UTF8*$!
{
	archiveVersion = 1;
	classes = {
	};
	objectVersion = 46;
	objects = {

/* Begin PBXBuildFile section */
		019B127DE7BEB9236528439EBE14BE95 /* ARRedaerLineManagerTest.m in Sources */ = {isa = PBXBuildFile; fileRef = 954B9819478131E9AF8D450E626DE817 /* ARRedaerLineManagerTest.m */; };
		04BA66587D1DAEC4E28368C6373A9897 /* ARMediator.m in Sources */ = {isa = PBXBuildFile; fileRef = 637572F02F71CE65CE5A33C1E5902668 /* ARMediator.m */; };
		088F2773615A3CF5526A8DD670AD5433 /* NotificationCenter.framework in Frameworks */ = {isa = PBXBuildFile; fileRef = EF726688590221AC1DA818DFCB2D2DAC /* NotificationCenter.framework */; };
		15638B5B3035784D41927C08D1C645F9 /* LaunchScreen.storyboard in Resources */ = {isa = PBXBuildFile; fileRef = 1FAC264694BC8354B31EAB8169398E6D /* LaunchScreen.storyboard */; };
		1FD6F49AB56BF9BE365297EB84862F3B /* ARGCDQueue.m in Sources */ = {isa = PBXBuildFile; fileRef = 7B010B6C3141E3C53931157EDEA3C1F4 /* ARGCDQueue.m */; };
		2225ABF879C92C5C195BFBBA5A9004F4 /* ARReaderCenter.m in Sources */ = {isa = PBXBuildFile; fileRef = 71BB2CD797C8263563D4424FBA73FA89 /* ARReaderCenter.m */; };
		27BA2FCCDBCA3BB3AD51053C3D1D33C2 /* TodayViewController.m in Sources */ = {isa = PBXBuildFile; fileRef = 07322FE70FCD2BF595EE7639C23EEE9D /* TodayViewController.m */; };
		2980D726CE23EF8A1E123B1D59C77FA4 /* ARGCDGroup.m in Sources */ = {isa = PBXBuildFile; fileRef = 7ECDBC0EDB536606FBEA006090518AFA /* ARGCDGroup.m */; };
		2B68F70E0D939090E56F6F8A05B769E0 /* ARAsyncLayer.m in Sources */ = {isa = PBXBuildFile; fileRef = 295B2BB794B9C82EEC10092ED0EA5932 /* ARAsyncLayer.m */; };
		31B13BD0439799866EEB40774536B5ED /* ARTextLayout.m in Sources */ = {isa = PBXBuildFile; fileRef = D75FEC0A34392304B8E4D78CD99E320E /* ARTextLayout.m */; };
		36777781298966F448C6D9430AA8533A /* CALayer+Reader.m in Sources */ = {isa = PBXBuildFile; fileRef = 98DE93FA5859EE5392551377DE090A2C /* CALayer+Reader.m */; };
		37123EB96114842D3D078F79A68497CC /* ARGCDCenter.m in Sources */ = {isa = PBXBuildFile; fileRef = C79075C033ADED46276E55A2E68123B6 /* ARGCDCenter.m */; };
		3CF867E695B5130D176F7D0CA94D6F83 /* ARTextView.m in Sources */ = {isa = PBXBuildFile; fileRef = A2136014E7DB1F7D2A54F4F1634BC4B7 /* ARTextView.m */; };
		4405FD9FA40F89217DAD87E8CD77E7D1 /* ARTextMagnifier.m in Sources */ = {isa = PBXBuildFile; fileRef = A1755E5396611851F995E0D4740A782A /* ARTextMagnifier.m */; };
		453D499478455982570103C6605D1292 /* main.m in Sources */ = {isa = PBXBuildFile; fileRef = 6AF189654228F39D4861E4B8853FA01E /* main.m */; };
		4D0448816E981B3E5656C7DB4C1064D7 /* ARTransaction.m in Sources */ = {isa = PBXBuildFile; fileRef = B119A2C494A91532694BDF174E146899 /* ARTransaction.m */; };
		4F9F7B0F875DDA6764792844A150286C /* ARReaderParserTest.m in Sources */ = {isa = PBXBuildFile; fileRef = ED60247575BCFD2680272412F3FEA7C1 /* ARReaderParserTest.m */; };
		5129E778E8D686BC90D6969C0DD675CA /* test.txt in Resources */ = {isa = PBXBuildFile; fileRef = B25EE18C30CDFFFBB5D5AC8330F2DEAA /* test.txt */; };
		5B03465B2ADD0C649F4A62D25BD5A8BC /* ARTextOutput.m in Sources */ = {isa = PBXBuildFile; fileRef = 8C8552683B06E9F8B18B4BB3E76ADFB8 /* ARTextOutput.m */; };
		7E123888576D7F0E39BF26F9CFB0797A /* ARPageParser.m in Sources */ = {isa = PBXBuildFile; fileRef = 3B64762C853BD678E663B3ECDA4D936A /* ARPageParser.m */; };
		816D5A7A1E70549200B35474 /* tianzhubian.txt in Resources */ = {isa = PBXBuildFile; fileRef = 816D5A791E70549200B35474 /* tianzhubian.txt */; };
		8175114B1E6A8A5E00B3BB51 /* UIResponder+Router.m in Sources */ = {isa = PBXBuildFile; fileRef = 8175114A1E6A8A5E00B3BB51 /* UIResponder+Router.m */; };
		8F91E4F00AE37BA815F4634CEE15B18F /* Assets.xcassets in Resources */ = {isa = PBXBuildFile; fileRef = 15781388AE614BA05A9386314C01C76C /* Assets.xcassets */; };
		931F5C259385AB07351BB71675C8CB8C /* ARReaderTest.m in Sources */ = {isa = PBXBuildFile; fileRef = 685ED8A11D46D95F05C372650F21A000 /* ARReaderTest.m */; };
		93E6616772A4780D1FCEE161A81D091A /* ARTextCursor.m in Sources */ = {isa = PBXBuildFile; fileRef = 7C883E6887715A509595E39F7793373B /* ARTextCursor.m */; };
		9726956CA6FEF25363EABF98AEE5CC6B /* ARReaderWidget.appex in Embed App Extensions */ = {isa = PBXBuildFile; fileRef = C4EAEC665110072B2B503858BFF28504 /* ARReaderWidget.appex */; settings = {ATTRIBUTES = (RemoveHeadersOnCopy, ); }; };
		995882F699E642AC7C4EC543B42866CE /* ARGCDTimer.m in Sources */ = {isa = PBXBuildFile; fileRef = 7931BDF04D0E518786F36F4B7FF35E26 /* ARGCDTimer.m */; };
		9D046D662710ACEFFA4942636095A69B /* ARTarget.m in Sources */ = {isa = PBXBuildFile; fileRef = C74D599D530AF4B0DA26D9CE64E72165 /* ARTarget.m */; };
		A2B9E69667A9C152339C84C648D7C005 /* UIView+Reader.m in Sources */ = {isa = PBXBuildFile; fileRef = A9AB671F43713C4AE019E2295A75876B /* UIView+Reader.m */; };
		AB471C3F3DB9C2F27E009C6FFC6B2622 /* ARReaderKit.m in Sources */ = {isa = PBXBuildFile; fileRef = 6AA5DD5AF00C41101190B0E9C7CA696C /* ARReaderKit.m */; };
		AB7D3E71181CC5004D2CA32B20FB5A3C /* ARGCDSemaphore.m in Sources */ = {isa = PBXBuildFile; fileRef = E56652C259DCEA863BB5EDBDA06199D5 /* ARGCDSemaphore.m */; };
		AC04805BE6A7E32A385A38AF77411BE2 /* sishen.txt in Resources */ = {isa = PBXBuildFile; fileRef = D0034A1138FE3FFB319C743E6A90FEFA /* sishen.txt */; };
		ADF0D2A9D52920F20553ECD7A617C5AE /* ARTextLine.m in Sources */ = {isa = PBXBuildFile; fileRef = E1105EC449FB4F577129797CFA11DBA8 /* ARTextLine.m */; };
		B0F52BFD26422EE49404A33938DF4E75 /* ARLineLayerDelegate.m in Sources */ = {isa = PBXBuildFile; fileRef = FD7F5864372E782F7724946006BC0B8A /* ARLineLayerDelegate.m */; };
		B43B80BBFB21EE2741BB27A096A546A2 /* ARDispatchQueuePool.m in Sources */ = {isa = PBXBuildFile; fileRef = 1A172101BA76E851FBDF98BE87B2ADA4 /* ARDispatchQueuePool.m */; };
		B969C257F727A730A380324AB564DE32 /* ARBookIndicator.m in Sources */ = {isa = PBXBuildFile; fileRef = 11F39757693CD9D4161CF0D101BB2283 /* ARBookIndicator.m */; };
		C2DEB514EE758AC50761114F2F3706EF /* ARTextEffectWindow.m in Sources */ = {isa = PBXBuildFile; fileRef = F9506B52FF8695FA36A4D94F88DCB08A /* ARTextEffectWindow.m */; };
		C31F27741C938860902B1589D8C77FA5 /* ARSentinel.m in Sources */ = {isa = PBXBuildFile; fileRef = 95319512D3127D36CEC642FEB970D5DF /* ARSentinel.m */; };
		CB070BB5BE2C3DF942F94CB90EA91C4A /* ARMediator+Reader.m in Sources */ = {isa = PBXBuildFile; fileRef = 75389FEC37B5474791430E7E3FD6F090 /* ARMediator+Reader.m */; };
		CD2C91EF15CBAAC966EF60F1F3D42729 /* ARComposingUtils.m in Sources */ = {isa = PBXBuildFile; fileRef = F86382F42A20AF329EADAE9FB240E63D /* ARComposingUtils.m */; };
		CED899E6515EF6CF7563C4ECD41FD810 /* ARLineManager.m in Sources */ = {isa = PBXBuildFile; fileRef = 4A1260B4F2022AFCFCF8966CB738D36B /* ARLineManager.m */; };
		CEF54D2D22C185336EA46DEBEE73530A /* ARAppDelegate.m in Sources */ = {isa = PBXBuildFile; fileRef = 52D2FE88E2FD42D6E484618EA05324A4 /* ARAppDelegate.m */; };
		D0429BAF5E1BF1ED7092AB5D3E8DCFCA /* UIColor+Reader.m in Sources */ = {isa = PBXBuildFile; fileRef = CB2C05893E0B3E93B3DDC1A4A7C09930 /* UIColor+Reader.m */; };
		D21140C6840988595910DFB686AB0BCB /* ARReaderDataSource.m in Sources */ = {isa = PBXBuildFile; fileRef = 16B97067A07FFF763BAA8C638EC96E6D /* ARReaderDataSource.m */; };
		E145E4401C34274D5FC0B9F77CC0D90D /* CALayer+Quick.m in Sources */ = {isa = PBXBuildFile; fileRef = 75C29AFC2D399E106199028FB455747F /* CALayer+Quick.m */; };
		EA73FB055BCEE4F0D64F42C848E1AB58 /* UIView+Quick.m in Sources */ = {isa = PBXBuildFile; fileRef = EE7FFFA93D0B3AAF35E02635BD2D4780 /* UIView+Quick.m */; };
		F3221D55B7DDD7B1C2336A2ED8688005 /* libPods-ARReader.a in Frameworks */ = {isa = PBXBuildFile; fileRef = FBE9C9E5807B8A4F77EAD64FE3E46872 /* libPods-ARReader.a */; };
		FE57161BB7A0F2865765C2C3F8CB9AFA /* ARTextUtilities.m in Sources */ = {isa = PBXBuildFile; fileRef = 7B4478F54F36FB085859C4D95AB2A670 /* ARTextUtilities.m */; };
		FF8F9664D9EDFC09BEDE02EF3BA58C58 /* ARPageData.m in Sources */ = {isa = PBXBuildFile; fileRef = 034962B42E0DA6C9B04D8FF4585880AC /* ARPageData.m */; };
/* End PBXBuildFile section */

/* Begin PBXContainerItemProxy section */
		82BF36B73071AEDD7E5974FE3D531569 /* PBXContainerItemProxy */ = {
			isa = PBXContainerItemProxy;
			containerPortal = 7E652BB1137A9A66BED95BB9CBCDA7FF /* Project object */;
			proxyType = 1;
			remoteGlobalIDString = B106A3BFAD171C7AB1439686667E3DA7;
			remoteInfo = ARReader;
		};
		E59DCB2AC7ECCEA37EBEF9468A3A5794 /* PBXContainerItemProxy */ = {
			isa = PBXContainerItemProxy;
			containerPortal = 7E652BB1137A9A66BED95BB9CBCDA7FF /* Project object */;
			proxyType = 1;
			remoteGlobalIDString = 0D2DC54A167F7401F89AD295983737C6;
			remoteInfo = ARReaderWidget;
		};
/* End PBXContainerItemProxy section */

/* Begin PBXCopyFilesBuildPhase section */
		1D167CC8EC47AA4702D282BB6641545E /* Embed App Extensions */ = {
			isa = PBXCopyFilesBuildPhase;
			buildActionMask = 2147483647;
			dstPath = "";
			dstSubfolderSpec = 13;
			files = (
				9726956CA6FEF25363EABF98AEE5CC6B /* ARReaderWidget.appex in Embed App Extensions */,
			);
			name = "Embed App Extensions";
			runOnlyForDeploymentPostprocessing = 0;
		};
/* End PBXCopyFilesBuildPhase section */

/* Begin PBXFileReference section */
		029C6A3F9011C3A7F46F9CF97555CFE1 /* ARPageParser.h */ = {isa = PBXFileReference; fileEncoding = 4; lastKnownFileType = sourcecode.c.h; path = ARPageParser.h; sourceTree = "<group>"; };
		034962B42E0DA6C9B04D8FF4585880AC /* ARPageData.m */ = {isa = PBXFileReference; fileEncoding = 4; lastKnownFileType = sourcecode.c.objc; path = ARPageData.m; sourceTree = "<group>"; };
		07322FE70FCD2BF595EE7639C23EEE9D /* TodayViewController.m */ = {isa = PBXFileReference; lastKnownFileType = sourcecode.c.objc; path = TodayViewController.m; sourceTree = "<group>"; };
		11F39757693CD9D4161CF0D101BB2283 /* ARBookIndicator.m */ = {isa = PBXFileReference; fileEncoding = 4; lastKnownFileType = sourcecode.c.objc; path = ARBookIndicator.m; sourceTree = "<group>"; };
		13E3A398F62DECBE002B619D9F26522E /* ARGCDQueue.h */ = {isa = PBXFileReference; fileEncoding = 4; lastKnownFileType = sourcecode.c.h; path = ARGCDQueue.h; sourceTree = "<group>"; };
		13F44AC37ABC8EAAAD4DA002D20999DA /* ARReaderTest.h */ = {isa = PBXFileReference; fileEncoding = 4; lastKnownFileType = sourcecode.c.h; path = ARReaderTest.h; sourceTree = "<group>"; };
		15781388AE614BA05A9386314C01C76C /* Assets.xcassets */ = {isa = PBXFileReference; lastKnownFileType = folder.assetcatalog; path = Assets.xcassets; sourceTree = "<group>"; };
		16B97067A07FFF763BAA8C638EC96E6D /* ARReaderDataSource.m */ = {isa = PBXFileReference; fileEncoding = 4; lastKnownFileType = sourcecode.c.objc; path = ARReaderDataSource.m; sourceTree = "<group>"; };
		1A172101BA76E851FBDF98BE87B2ADA4 /* ARDispatchQueuePool.m */ = {isa = PBXFileReference; fileEncoding = 4; lastKnownFileType = sourcecode.c.objc; path = ARDispatchQueuePool.m; sourceTree = "<group>"; };
		1DB88E4BC2CAC132CCD0684523B244DC /* ARTextOutput.h */ = {isa = PBXFileReference; fileEncoding = 4; lastKnownFileType = sourcecode.c.h; path = ARTextOutput.h; sourceTree = "<group>"; };
		1F3A2432A591EFB1BA11CFF167777CE9 /* Base */ = {isa = PBXFileReference; lastKnownFileType = file.storyboard; name = Base; path = Base.lproj/LaunchScreen.storyboard; sourceTree = "<group>"; };
		282440EFB779187496B9164A1B7434E8 /* ARDispatchQueuePool.h */ = {isa = PBXFileReference; fileEncoding = 4; lastKnownFileType = sourcecode.c.h; path = ARDispatchQueuePool.h; sourceTree = "<group>"; };
		295B2BB794B9C82EEC10092ED0EA5932 /* ARAsyncLayer.m */ = {isa = PBXFileReference; fileEncoding = 4; lastKnownFileType = sourcecode.c.objc; path = ARAsyncLayer.m; sourceTree = "<group>"; };
		2B737FF5DE75DBCCB5668C090FEAEB76 /* Pods-ARReader.release.xcconfig */ = {isa = PBXFileReference; includeInIndex = 1; lastKnownFileType = text.xcconfig; name = "Pods-ARReader.release.xcconfig"; path = "Pods/Target Support Files/Pods-ARReader/Pods-ARReader.release.xcconfig"; sourceTree = "<group>"; };
		32D781B14524AD06ACCE6C1172056A7D /* ARReaderTests.xctest */ = {isa = PBXFileReference; explicitFileType = wrapper.cfbundle; includeInIndex = 0; path = ARReaderTests.xctest; sourceTree = BUILT_PRODUCTS_DIR; };
		348F1A6105CA8CB4B1DC2657DEC830F3 /* ARGCDCenter.h */ = {isa = PBXFileReference; fileEncoding = 4; lastKnownFileType = sourcecode.c.h; path = ARGCDCenter.h; sourceTree = "<group>"; };
		3B64762C853BD678E663B3ECDA4D936A /* ARPageParser.m */ = {isa = PBXFileReference; fileEncoding = 4; lastKnownFileType = sourcecode.c.objc; path = ARPageParser.m; sourceTree = "<group>"; };
		3FE4101ECAE96AD372FA0DD05143AF39 /* ARReaderCenter.h */ = {isa = PBXFileReference; fileEncoding = 4; lastKnownFileType = sourcecode.c.h; path = ARReaderCenter.h; sourceTree = "<group>"; };
		4755894783B2676F95F2F85608C4B94A /* ARSentinel.h */ = {isa = PBXFileReference; fileEncoding = 4; lastKnownFileType = sourcecode.c.h; path = ARSentinel.h; sourceTree = "<group>"; };
		4A1260B4F2022AFCFCF8966CB738D36B /* ARLineManager.m */ = {isa = PBXFileReference; fileEncoding = 4; lastKnownFileType = sourcecode.c.objc; path = ARLineManager.m; sourceTree = "<group>"; };
		4F53DEF2AD3F15D277BC81EED0C7A99B /* UIColor+Reader.h */ = {isa = PBXFileReference; fileEncoding = 4; lastKnownFileType = sourcecode.c.h; path = "UIColor+Reader.h"; sourceTree = "<group>"; };
		51C3AE87C2CFBBB03F4D0CE7FD02151F /* ARAsyncLayer.h */ = {isa = PBXFileReference; fileEncoding = 4; lastKnownFileType = sourcecode.c.h; path = ARAsyncLayer.h; sourceTree = "<group>"; };
		52D2FE88E2FD42D6E484618EA05324A4 /* ARAppDelegate.m */ = {isa = PBXFileReference; fileEncoding = 4; lastKnownFileType = sourcecode.c.objc; path = ARAppDelegate.m; sourceTree = "<group>"; };
		5365E50BD76AFC22B3BC8CB0D487079B /* ARGCD.h */ = {isa = PBXFileReference; lastKnownFileType = sourcecode.c.h; path = ARGCD.h; sourceTree = "<group>"; };
		56FC2CAE17032F97855D4FFFA98C78F6 /* ARTransaction.h */ = {isa = PBXFileReference; fileEncoding = 4; lastKnownFileType = sourcecode.c.h; path = ARTransaction.h; sourceTree = "<group>"; };
		5CE5771B795D69CCC7E57576FA4F79E6 /* ARPageData.h */ = {isa = PBXFileReference; fileEncoding = 4; lastKnownFileType = sourcecode.c.h; path = ARPageData.h; sourceTree = "<group>"; };
		625C231C1697DEE816819CBD093EF372 /* ARGCDTimer.h */ = {isa = PBXFileReference; fileEncoding = 4; lastKnownFileType = sourcecode.c.h; path = ARGCDTimer.h; sourceTree = "<group>"; };
		637572F02F71CE65CE5A33C1E5902668 /* ARMediator.m */ = {isa = PBXFileReference; fileEncoding = 4; lastKnownFileType = sourcecode.c.objc; path = ARMediator.m; sourceTree = "<group>"; };
		63AD99567B0EFE9F9B01226DAB7FE151 /* ARTextUtilities.h */ = {isa = PBXFileReference; fileEncoding = 4; lastKnownFileType = sourcecode.c.h; path = ARTextUtilities.h; sourceTree = "<group>"; };
		64F17F9E24B2F1169A9D13CFD6A06569 /* ARComposing.h */ = {isa = PBXFileReference; fileEncoding = 4; lastKnownFileType = sourcecode.c.h; path = ARComposing.h; sourceTree = "<group>"; };
		685ED8A11D46D95F05C372650F21A000 /* ARReaderTest.m */ = {isa = PBXFileReference; fileEncoding = 4; lastKnownFileType = sourcecode.c.objc; path = ARReaderTest.m; sourceTree = "<group>"; };
		6AA5DD5AF00C41101190B0E9C7CA696C /* ARReaderKit.m */ = {isa = PBXFileReference; fileEncoding = 4; lastKnownFileType = sourcecode.c.objc; path = ARReaderKit.m; sourceTree = "<group>"; };
		6AF189654228F39D4861E4B8853FA01E /* main.m */ = {isa = PBXFileReference; fileEncoding = 4; lastKnownFileType = sourcecode.c.objc; path = main.m; sourceTree = "<group>"; };
		6B0A209725464918178496986370688F /* ARAppDelegate.h */ = {isa = PBXFileReference; fileEncoding = 4; lastKnownFileType = sourcecode.c.h; path = ARAppDelegate.h; sourceTree = "<group>"; };
		6D83F54B5FE1A4DDE9F017A93670C8DC /* Info.plist */ = {isa = PBXFileReference; lastKnownFileType = text.plist.xml; path = Info.plist; sourceTree = "<group>"; };
		7111109EABFAF51A61EF044D0B3DD41F /* ARReaderMacros.h */ = {isa = PBXFileReference; fileEncoding = 4; lastKnownFileType = sourcecode.c.h; path = ARReaderMacros.h; sourceTree = "<group>"; };
		71BB2CD797C8263563D4424FBA73FA89 /* ARReaderCenter.m */ = {isa = PBXFileReference; fileEncoding = 4; lastKnownFileType = sourcecode.c.objc; path = ARReaderCenter.m; sourceTree = "<group>"; };
		72AACA0252FF501D379B260DABF32A59 /* Info.plist */ = {isa = PBXFileReference; lastKnownFileType = text.plist.xml; path = Info.plist; sourceTree = "<group>"; };
		73F7F567D3130CE8C6C65117ECDFC733 /* Pods-ARReader.debug.xcconfig */ = {isa = PBXFileReference; includeInIndex = 1; lastKnownFileType = text.xcconfig; name = "Pods-ARReader.debug.xcconfig"; path = "Pods/Target Support Files/Pods-ARReader/Pods-ARReader.debug.xcconfig"; sourceTree = "<group>"; };
		75389FEC37B5474791430E7E3FD6F090 /* ARMediator+Reader.m */ = {isa = PBXFileReference; fileEncoding = 4; lastKnownFileType = sourcecode.c.objc; path = "ARMediator+Reader.m"; sourceTree = "<group>"; };
		75C29AFC2D399E106199028FB455747F /* CALayer+Quick.m */ = {isa = PBXFileReference; fileEncoding = 4; lastKnownFileType = sourcecode.c.objc; path = "CALayer+Quick.m"; sourceTree = "<group>"; };
		785BB6F26B7A4F86E148B2B2855CD764 /* ARReaderKit.h */ = {isa = PBXFileReference; fileEncoding = 4; lastKnownFileType = sourcecode.c.h; path = ARReaderKit.h; sourceTree = "<group>"; };
		7931BDF04D0E518786F36F4B7FF35E26 /* ARGCDTimer.m */ = {isa = PBXFileReference; fileEncoding = 4; lastKnownFileType = sourcecode.c.objc; path = ARGCDTimer.m; sourceTree = "<group>"; };
		7B010B6C3141E3C53931157EDEA3C1F4 /* ARGCDQueue.m */ = {isa = PBXFileReference; fileEncoding = 4; lastKnownFileType = sourcecode.c.objc; path = ARGCDQueue.m; sourceTree = "<group>"; };
		7B4478F54F36FB085859C4D95AB2A670 /* ARTextUtilities.m */ = {isa = PBXFileReference; fileEncoding = 4; lastKnownFileType = sourcecode.c.objc; path = ARTextUtilities.m; sourceTree = "<group>"; };
		7C883E6887715A509595E39F7793373B /* ARTextCursor.m */ = {isa = PBXFileReference; fileEncoding = 4; lastKnownFileType = sourcecode.c.objc; path = ARTextCursor.m; sourceTree = "<group>"; };
		7ECDBC0EDB536606FBEA006090518AFA /* ARGCDGroup.m */ = {isa = PBXFileReference; fileEncoding = 4; lastKnownFileType = sourcecode.c.objc; path = ARGCDGroup.m; sourceTree = "<group>"; };
		80E600EDC99753CB716164E60A4B7FBE /* ARMediator+Reader.h */ = {isa = PBXFileReference; fileEncoding = 4; lastKnownFileType = sourcecode.c.h; path = "ARMediator+Reader.h"; sourceTree = "<group>"; };
		816D5A791E70549200B35474 /* tianzhubian.txt */ = {isa = PBXFileReference; fileEncoding = 4; lastKnownFileType = text; path = tianzhubian.txt; sourceTree = "<group>"; };
		817511491E6A8A5E00B3BB51 /* UIResponder+Router.h */ = {isa = PBXFileReference; fileEncoding = 4; lastKnownFileType = sourcecode.c.h; path = "UIResponder+Router.h"; sourceTree = "<group>"; };
		8175114A1E6A8A5E00B3BB51 /* UIResponder+Router.m */ = {isa = PBXFileReference; fileEncoding = 4; lastKnownFileType = sourcecode.c.objc; path = "UIResponder+Router.m"; sourceTree = "<group>"; };
		841DFFBC93A919A60ABE43744A875022 /* Info.plist */ = {isa = PBXFileReference; lastKnownFileType = text.plist.xml; path = Info.plist; sourceTree = "<group>"; };
		8C8552683B06E9F8B18B4BB3E76ADFB8 /* ARTextOutput.m */ = {isa = PBXFileReference; fileEncoding = 4; lastKnownFileType = sourcecode.c.objc; path = ARTextOutput.m; sourceTree = "<group>"; };
		8E9B0CF080669255C28BB4B73B4B83FF /* ARLineManager.h */ = {isa = PBXFileReference; fileEncoding = 4; lastKnownFileType = sourcecode.c.h; path = ARLineManager.h; sourceTree = "<group>"; };
		91FD85E1977197E62688BCCEBF9B307F /* ARGCDGroup.h */ = {isa = PBXFileReference; fileEncoding = 4; lastKnownFileType = sourcecode.c.h; path = ARGCDGroup.h; sourceTree = "<group>"; };
		95319512D3127D36CEC642FEB970D5DF /* ARSentinel.m */ = {isa = PBXFileReference; fileEncoding = 4; lastKnownFileType = sourcecode.c.objc; path = ARSentinel.m; sourceTree = "<group>"; };
		954B9819478131E9AF8D450E626DE817 /* ARRedaerLineManagerTest.m */ = {isa = PBXFileReference; fileEncoding = 4; lastKnownFileType = sourcecode.c.objc; path = ARRedaerLineManagerTest.m; sourceTree = "<group>"; };
		98DE93FA5859EE5392551377DE090A2C /* CALayer+Reader.m */ = {isa = PBXFileReference; fileEncoding = 4; lastKnownFileType = sourcecode.c.objc; path = "CALayer+Reader.m"; sourceTree = "<group>"; };
		997D8474573B00A593E8D0A0EE8020DA /* ARComposingUtils.h */ = {isa = PBXFileReference; fileEncoding = 4; lastKnownFileType = sourcecode.c.h; path = ARComposingUtils.h; sourceTree = "<group>"; };
		9AD6E360D91935CFC08DFBFA44C759C2 /* ARReaderDataSource.h */ = {isa = PBXFileReference; fileEncoding = 4; lastKnownFileType = sourcecode.c.h; path = ARReaderDataSource.h; sourceTree = "<group>"; };
		9CAEE133DB4F6F9C53BF1832737D0B40 /* ARTextCursor.h */ = {isa = PBXFileReference; fileEncoding = 4; lastKnownFileType = sourcecode.c.h; path = ARTextCursor.h; sourceTree = "<group>"; };
		9E2D0C6ED99D3B2C35846702EEFC46AA /* CALayer+Reader.h */ = {isa = PBXFileReference; fileEncoding = 4; lastKnownFileType = sourcecode.c.h; path = "CALayer+Reader.h"; sourceTree = "<group>"; };
		A05DADED31A67D7239A6822D756DB203 /* ARReader.app */ = {isa = PBXFileReference; explicitFileType = wrapper.application; includeInIndex = 0; path = ARReader.app; sourceTree = BUILT_PRODUCTS_DIR; };
		A1755E5396611851F995E0D4740A782A /* ARTextMagnifier.m */ = {isa = PBXFileReference; fileEncoding = 4; lastKnownFileType = sourcecode.c.objc; path = ARTextMagnifier.m; sourceTree = "<group>"; };
		A2136014E7DB1F7D2A54F4F1634BC4B7 /* ARTextView.m */ = {isa = PBXFileReference; fileEncoding = 4; lastKnownFileType = sourcecode.c.objc; path = ARTextView.m; sourceTree = "<group>"; };
		A6153FB18E547F4B111FD6E99B109DD8 /* ARTextLine.h */ = {isa = PBXFileReference; fileEncoding = 4; lastKnownFileType = sourcecode.c.h; path = ARTextLine.h; sourceTree = "<group>"; };
		A9AB671F43713C4AE019E2295A75876B /* UIView+Reader.m */ = {isa = PBXFileReference; fileEncoding = 4; lastKnownFileType = sourcecode.c.objc; path = "UIView+Reader.m"; sourceTree = "<group>"; };
		B0CA40378801DFF989FEDC333880D7C9 /* ARTextEffectWindow.h */ = {isa = PBXFileReference; fileEncoding = 4; lastKnownFileType = sourcecode.c.h; path = ARTextEffectWindow.h; sourceTree = "<group>"; };
		B119A2C494A91532694BDF174E146899 /* ARTransaction.m */ = {isa = PBXFileReference; fileEncoding = 4; lastKnownFileType = sourcecode.c.objc; path = ARTransaction.m; sourceTree = "<group>"; };
		B25EE18C30CDFFFBB5D5AC8330F2DEAA /* test.txt */ = {isa = PBXFileReference; fileEncoding = 4; lastKnownFileType = text; path = test.txt; sourceTree = "<group>"; };
		B310AB09A896FDEC053C4507BE4274A2 /* ARTarget.h */ = {isa = PBXFileReference; fileEncoding = 4; lastKnownFileType = sourcecode.c.h; path = ARTarget.h; sourceTree = "<group>"; };
		B9D49008015974D49DB1E392FEE829D6 /* ARBookIndicator.h */ = {isa = PBXFileReference; fileEncoding = 4; lastKnownFileType = sourcecode.c.h; path = ARBookIndicator.h; sourceTree = "<group>"; };
		BB9AA270F45E4EC506FD3591D3A694F0 /* ARTextView.h */ = {isa = PBXFileReference; fileEncoding = 4; lastKnownFileType = sourcecode.c.h; path = ARTextView.h; sourceTree = "<group>"; };
		BF6A49C1BE51A7C79AA2E5D623FE30E3 /* UIView+Reader.h */ = {isa = PBXFileReference; fileEncoding = 4; lastKnownFileType = sourcecode.c.h; path = "UIView+Reader.h"; sourceTree = "<group>"; };
		C4EAEC665110072B2B503858BFF28504 /* ARReaderWidget.appex */ = {isa = PBXFileReference; explicitFileType = "wrapper.app-extension"; includeInIndex = 0; path = ARReaderWidget.appex; sourceTree = BUILT_PRODUCTS_DIR; };
		C74D599D530AF4B0DA26D9CE64E72165 /* ARTarget.m */ = {isa = PBXFileReference; fileEncoding = 4; lastKnownFileType = sourcecode.c.objc; path = ARTarget.m; sourceTree = "<group>"; };
		C79075C033ADED46276E55A2E68123B6 /* ARGCDCenter.m */ = {isa = PBXFileReference; fileEncoding = 4; lastKnownFileType = sourcecode.c.objc; path = ARGCDCenter.m; sourceTree = "<group>"; };
		CB2C05893E0B3E93B3DDC1A4A7C09930 /* UIColor+Reader.m */ = {isa = PBXFileReference; fileEncoding = 4; lastKnownFileType = sourcecode.c.objc; path = "UIColor+Reader.m"; sourceTree = "<group>"; };
		D0034A1138FE3FFB319C743E6A90FEFA /* sishen.txt */ = {isa = PBXFileReference; fileEncoding = 4; lastKnownFileType = text; path = sishen.txt; sourceTree = "<group>"; };
		D33DF443F1732D83DBCC6EFF5B7D7C5F /* UIView+Quick.h */ = {isa = PBXFileReference; fileEncoding = 4; lastKnownFileType = sourcecode.c.h; path = "UIView+Quick.h"; sourceTree = "<group>"; };
		D63DDFED49DD66812D04345F9D120E1F /* ARLineLayerDelegate.h */ = {isa = PBXFileReference; fileEncoding = 4; lastKnownFileType = sourcecode.c.h; path = ARLineLayerDelegate.h; sourceTree = "<group>"; };
		D75FEC0A34392304B8E4D78CD99E320E /* ARTextLayout.m */ = {isa = PBXFileReference; fileEncoding = 4; lastKnownFileType = sourcecode.c.objc; path = ARTextLayout.m; sourceTree = "<group>"; };
		D95F80E34156FC7ED8FBB3C3B8BE1114 /* ARTextMagnifier.h */ = {isa = PBXFileReference; fileEncoding = 4; lastKnownFileType = sourcecode.c.h; path = ARTextMagnifier.h; sourceTree = "<group>"; };
		E1105EC449FB4F577129797CFA11DBA8 /* ARTextLine.m */ = {isa = PBXFileReference; fileEncoding = 4; lastKnownFileType = sourcecode.c.objc; path = ARTextLine.m; sourceTree = "<group>"; };
		E56652C259DCEA863BB5EDBDA06199D5 /* ARGCDSemaphore.m */ = {isa = PBXFileReference; fileEncoding = 4; lastKnownFileType = sourcecode.c.objc; path = ARGCDSemaphore.m; sourceTree = "<group>"; };
		E77417B24A44D78FC9512E526DCBA1AA /* ARTextLayout.h */ = {isa = PBXFileReference; fileEncoding = 4; lastKnownFileType = sourcecode.c.h; path = ARTextLayout.h; sourceTree = "<group>"; };
		EADA792310F7B11921C65F05EDBEED52 /* TodayViewController.h */ = {isa = PBXFileReference; lastKnownFileType = sourcecode.c.h; path = TodayViewController.h; sourceTree = "<group>"; };
		EC10755665E7EC09A10F4A0965E51921 /* ARMediator.h */ = {isa = PBXFileReference; fileEncoding = 4; lastKnownFileType = sourcecode.c.h; path = ARMediator.h; sourceTree = "<group>"; };
		ED60247575BCFD2680272412F3FEA7C1 /* ARReaderParserTest.m */ = {isa = PBXFileReference; fileEncoding = 4; lastKnownFileType = sourcecode.c.objc; path = ARReaderParserTest.m; sourceTree = "<group>"; };
		EDEEEAACB4D7AEE5FFC7FF05AC9EB00D /* ARGCDSemaphore.h */ = {isa = PBXFileReference; fileEncoding = 4; lastKnownFileType = sourcecode.c.h; path = ARGCDSemaphore.h; sourceTree = "<group>"; };
		EE7FFFA93D0B3AAF35E02635BD2D4780 /* UIView+Quick.m */ = {isa = PBXFileReference; fileEncoding = 4; lastKnownFileType = sourcecode.c.objc; path = "UIView+Quick.m"; sourceTree = "<group>"; };
		EF726688590221AC1DA818DFCB2D2DAC /* NotificationCenter.framework */ = {isa = PBXFileReference; lastKnownFileType = wrapper.framework; name = NotificationCenter.framework; path = System/Library/Frameworks/NotificationCenter.framework; sourceTree = SDKROOT; };
		F125173ECADDB1536CC5EEF745FB6441 /* CALayer+Quick.h */ = {isa = PBXFileReference; fileEncoding = 4; lastKnownFileType = sourcecode.c.h; path = "CALayer+Quick.h"; sourceTree = "<group>"; };
		F86382F42A20AF329EADAE9FB240E63D /* ARComposingUtils.m */ = {isa = PBXFileReference; fileEncoding = 4; lastKnownFileType = sourcecode.c.objc; path = ARComposingUtils.m; sourceTree = "<group>"; };
		F9506B52FF8695FA36A4D94F88DCB08A /* ARTextEffectWindow.m */ = {isa = PBXFileReference; fileEncoding = 4; lastKnownFileType = sourcecode.c.objc; path = ARTextEffectWindow.m; sourceTree = "<group>"; };
		FBE9C9E5807B8A4F77EAD64FE3E46872 /* libPods-ARReader.a */ = {isa = PBXFileReference; explicitFileType = archive.ar; includeInIndex = 0; path = "libPods-ARReader.a"; sourceTree = BUILT_PRODUCTS_DIR; };
		FD7F5864372E782F7724946006BC0B8A /* ARLineLayerDelegate.m */ = {isa = PBXFileReference; fileEncoding = 4; lastKnownFileType = sourcecode.c.objc; path = ARLineLayerDelegate.m; sourceTree = "<group>"; };
/* End PBXFileReference section */

/* Begin PBXFrameworksBuildPhase section */
		25157BBFD9D57BD7DB1ECBDCDA5ADFDD /* Frameworks */ = {
			isa = PBXFrameworksBuildPhase;
			buildActionMask = 2147483647;
			files = (
				088F2773615A3CF5526A8DD670AD5433 /* NotificationCenter.framework in Frameworks */,
			);
			runOnlyForDeploymentPostprocessing = 0;
		};
		2F26DCA637BA16381DD982F51E4D7425 /* Frameworks */ = {
			isa = PBXFrameworksBuildPhase;
			buildActionMask = 2147483647;
			files = (
			);
			runOnlyForDeploymentPostprocessing = 0;
		};
		83CBD5C9C0037F1EE0C3A2958E45F8A8 /* Frameworks */ = {
			isa = PBXFrameworksBuildPhase;
			buildActionMask = 2147483647;
			files = (
				F3221D55B7DDD7B1C2336A2ED8688005 /* libPods-ARReader.a in Frameworks */,
			);
			runOnlyForDeploymentPostprocessing = 0;
		};
/* End PBXFrameworksBuildPhase section */

/* Begin PBXGroup section */
		05A09A63BE32E39AB790480E9A74C6FC /* ARAsyncLayer */ = {
			isa = PBXGroup;
			children = (
				51C3AE87C2CFBBB03F4D0CE7FD02151F /* ARAsyncLayer.h */,
				295B2BB794B9C82EEC10092ED0EA5932 /* ARAsyncLayer.m */,
				282440EFB779187496B9164A1B7434E8 /* ARDispatchQueuePool.h */,
				1A172101BA76E851FBDF98BE87B2ADA4 /* ARDispatchQueuePool.m */,
				4755894783B2676F95F2F85608C4B94A /* ARSentinel.h */,
				95319512D3127D36CEC642FEB970D5DF /* ARSentinel.m */,
				56FC2CAE17032F97855D4FFFA98C78F6 /* ARTransaction.h */,
				B119A2C494A91532694BDF174E146899 /* ARTransaction.m */,
			);
			path = ARAsyncLayer;
			sourceTree = "<group>";
		};
		22D8E7A31355EFF257E8780967803148 /* ARComposingKit */ = {
			isa = PBXGroup;
			children = (
				B9D49008015974D49DB1E392FEE829D6 /* ARBookIndicator.h */,
				11F39757693CD9D4161CF0D101BB2283 /* ARBookIndicator.m */,
				9CAEE133DB4F6F9C53BF1832737D0B40 /* ARTextCursor.h */,
				7C883E6887715A509595E39F7793373B /* ARTextCursor.m */,
				B0CA40378801DFF989FEDC333880D7C9 /* ARTextEffectWindow.h */,
				F9506B52FF8695FA36A4D94F88DCB08A /* ARTextEffectWindow.m */,
				D95F80E34156FC7ED8FBB3C3B8BE1114 /* ARTextMagnifier.h */,
				A1755E5396611851F995E0D4740A782A /* ARTextMagnifier.m */,
				BB9AA270F45E4EC506FD3591D3A694F0 /* ARTextView.h */,
				A2136014E7DB1F7D2A54F4F1634BC4B7 /* ARTextView.m */,
			);
			path = ARComposingKit;
			sourceTree = "<group>";
		};
		34943E0D3FB95D55D4DBCB39BB65346B = {
			isa = PBXGroup;
			children = (
				5E1BECDDA56863CBD00F1890123E38A0 /* ARReader */,
				8440CB3D87D765FC45BD8CB16DC03AD1 /* ARReaderTests */,
				60CAD96D75DBC37D18AEC2166359BC73 /* ARReaderWidget */,
				C2ADEAB606E1F935C39290BD5C94A6CC /* Frameworks */,
				59D57D632224E943C7A766668637E7F6 /* Pods */,
				A9E8337B2B9A490556483669CFD156F2 /* Products */,
			);
			sourceTree = "<group>";
		};
		57F14654428A555C3C7B4C1DC8597601 /* Supporting Files */ = {
			isa = PBXGroup;
			children = (
				15781388AE614BA05A9386314C01C76C /* Assets.xcassets */,
				6D83F54B5FE1A4DDE9F017A93670C8DC /* Info.plist */,
				1FAC264694BC8354B31EAB8169398E6D /* LaunchScreen.storyboard */,
			);
			name = "Supporting Files";
			sourceTree = "<group>";
		};
		59D57D632224E943C7A766668637E7F6 /* Pods */ = {
			isa = PBXGroup;
			children = (
				73F7F567D3130CE8C6C65117ECDFC733 /* Pods-ARReader.debug.xcconfig */,
				2B737FF5DE75DBCCB5668C090FEAEB76 /* Pods-ARReader.release.xcconfig */,
			);
			name = Pods;
			sourceTree = "<group>";
		};
		5E1BECDDA56863CBD00F1890123E38A0 /* ARReader */ = {
			isa = PBXGroup;
			children = (
				B98BA79718ECEEE940C71AD6021A2A31 /* ARComposing */,
				6DD1A6ED6A5A921E57C2858E16725509 /* ARGCD */,
				CB9B09A07FF5A797EDDAAB97038FC740 /* Main */,
				6BBF12FCA3282F8F70B9174F7D61F9DD /* Resources */,
				57F14654428A555C3C7B4C1DC8597601 /* Supporting Files */,
			);
			path = ARReader;
			sourceTree = "<group>";
		};
		60CAD96D75DBC37D18AEC2166359BC73 /* ARReaderWidget */ = {
			isa = PBXGroup;
			children = (
				72AACA0252FF501D379B260DABF32A59 /* Info.plist */,
				EADA792310F7B11921C65F05EDBEED52 /* TodayViewController.h */,
				07322FE70FCD2BF595EE7639C23EEE9D /* TodayViewController.m */,
			);
			path = ARReaderWidget;
			sourceTree = "<group>";
		};
		65344054B751F06161217595F0C49492 /* Components */ = {
			isa = PBXGroup;
			children = (
				785BB6F26B7A4F86E148B2B2855CD764 /* ARReaderKit.h */,
				6AA5DD5AF00C41101190B0E9C7CA696C /* ARReaderKit.m */,
			);
			path = Components;
			sourceTree = "<group>";
		};
		6BBF12FCA3282F8F70B9174F7D61F9DD /* Resources */ = {
			isa = PBXGroup;
			children = (
				816D5A791E70549200B35474 /* tianzhubian.txt */,
				D0034A1138FE3FFB319C743E6A90FEFA /* sishen.txt */,
				B25EE18C30CDFFFBB5D5AC8330F2DEAA /* test.txt */,
			);
			path = Resources;
			sourceTree = "<group>";
		};
		6DD1A6ED6A5A921E57C2858E16725509 /* ARGCD */ = {
			isa = PBXGroup;
			children = (
				5365E50BD76AFC22B3BC8CB0D487079B /* ARGCD.h */,
				91FD85E1977197E62688BCCEBF9B307F /* ARGCDGroup.h */,
				7ECDBC0EDB536606FBEA006090518AFA /* ARGCDGroup.m */,
				13E3A398F62DECBE002B619D9F26522E /* ARGCDQueue.h */,
				7B010B6C3141E3C53931157EDEA3C1F4 /* ARGCDQueue.m */,
				EDEEEAACB4D7AEE5FFC7FF05AC9EB00D /* ARGCDSemaphore.h */,
				E56652C259DCEA863BB5EDBDA06199D5 /* ARGCDSemaphore.m */,
				625C231C1697DEE816819CBD093EF372 /* ARGCDTimer.h */,
				7931BDF04D0E518786F36F4B7FF35E26 /* ARGCDTimer.m */,
			);
			path = ARGCD;
			sourceTree = "<group>";
		};
		7CC355A9BDDFEA9CC69BEAA0C013965D /* Categories */ = {
			isa = PBXGroup;
			children = (
				F125173ECADDB1536CC5EEF745FB6441 /* CALayer+Quick.h */,
				75C29AFC2D399E106199028FB455747F /* CALayer+Quick.m */,
				817511491E6A8A5E00B3BB51 /* UIResponder+Router.h */,
				8175114A1E6A8A5E00B3BB51 /* UIResponder+Router.m */,
				D33DF443F1732D83DBCC6EFF5B7D7C5F /* UIView+Quick.h */,
				EE7FFFA93D0B3AAF35E02635BD2D4780 /* UIView+Quick.m */,
			);
			path = Categories;
			sourceTree = "<group>";
		};
		8440CB3D87D765FC45BD8CB16DC03AD1 /* ARReaderTests */ = {
			isa = PBXGroup;
			children = (
				ED60247575BCFD2680272412F3FEA7C1 /* ARReaderParserTest.m */,
				13F44AC37ABC8EAAAD4DA002D20999DA /* ARReaderTest.h */,
				685ED8A11D46D95F05C372650F21A000 /* ARReaderTest.m */,
				954B9819478131E9AF8D450E626DE817 /* ARRedaerLineManagerTest.m */,
				841DFFBC93A919A60ABE43744A875022 /* Info.plist */,
			);
			path = ARReaderTests;
			sourceTree = "<group>";
		};
		85E40B3A30DF406ED59483017F77A058 /* ARMediator */ = {
			isa = PBXGroup;
			children = (
				80E600EDC99753CB716164E60A4B7FBE /* ARMediator+Reader.h */,
				75389FEC37B5474791430E7E3FD6F090 /* ARMediator+Reader.m */,
				EC10755665E7EC09A10F4A0965E51921 /* ARMediator.h */,
				637572F02F71CE65CE5A33C1E5902668 /* ARMediator.m */,
				B310AB09A896FDEC053C4507BE4274A2 /* ARTarget.h */,
				C74D599D530AF4B0DA26D9CE64E72165 /* ARTarget.m */,
			);
			path = ARMediator;
			sourceTree = "<group>";
		};
		8B9D3CA9130F873436E2353D07EC375E /* Other */ = {
			isa = PBXGroup;
			children = (
				6B0A209725464918178496986370688F /* ARAppDelegate.h */,
				52D2FE88E2FD42D6E484618EA05324A4 /* ARAppDelegate.m */,
				7111109EABFAF51A61EF044D0B3DD41F /* ARReaderMacros.h */,
				6AF189654228F39D4861E4B8853FA01E /* main.m */,
			);
			path = Other;
			sourceTree = "<group>";
		};
		A9E8337B2B9A490556483669CFD156F2 /* Products */ = {
			isa = PBXGroup;
			children = (
				A05DADED31A67D7239A6822D756DB203 /* ARReader.app */,
				32D781B14524AD06ACCE6C1172056A7D /* ARReaderTests.xctest */,
				C4EAEC665110072B2B503858BFF28504 /* ARReaderWidget.appex */,
			);
			name = Products;
			sourceTree = "<group>";
		};
		AAE6FB6EF95D0C80C15D40FC6A0B6612 /* ARTextComponent */ = {
			isa = PBXGroup;
			children = (
				E77417B24A44D78FC9512E526DCBA1AA /* ARTextLayout.h */,
				D75FEC0A34392304B8E4D78CD99E320E /* ARTextLayout.m */,
				A6153FB18E547F4B111FD6E99B109DD8 /* ARTextLine.h */,
				E1105EC449FB4F577129797CFA11DBA8 /* ARTextLine.m */,
				1DB88E4BC2CAC132CCD0684523B244DC /* ARTextOutput.h */,
				8C8552683B06E9F8B18B4BB3E76ADFB8 /* ARTextOutput.m */,
			);
			path = ARTextComponent;
			sourceTree = "<group>";
		};
		B98BA79718ECEEE940C71AD6021A2A31 /* ARComposing */ = {
			isa = PBXGroup;
			children = (
				05A09A63BE32E39AB790480E9A74C6FC /* ARAsyncLayer */,
				BB54D501368624F530E9FF613E08B09C /* ARComposingCategory */,
				22D8E7A31355EFF257E8780967803148 /* ARComposingKit */,
				BD02AB7F219577CCAF9B329C6F096EFB /* ARComposingUtils */,
				C659AB8D8243891EB93DC0E2F4A99307 /* ARPageData */,
				C716BE740B0933EC15C17BD6894C25A9 /* ARPageParser */,
				AAE6FB6EF95D0C80C15D40FC6A0B6612 /* ARTextComponent */,
				64F17F9E24B2F1169A9D13CFD6A06569 /* ARComposing.h */,
			);
			path = ARComposing;
			sourceTree = "<group>";
		};
		BB54D501368624F530E9FF613E08B09C /* ARComposingCategory */ = {
			isa = PBXGroup;
			children = (
				9E2D0C6ED99D3B2C35846702EEFC46AA /* CALayer+Reader.h */,
				98DE93FA5859EE5392551377DE090A2C /* CALayer+Reader.m */,
				4F53DEF2AD3F15D277BC81EED0C7A99B /* UIColor+Reader.h */,
				CB2C05893E0B3E93B3DDC1A4A7C09930 /* UIColor+Reader.m */,
				BF6A49C1BE51A7C79AA2E5D623FE30E3 /* UIView+Reader.h */,
				A9AB671F43713C4AE019E2295A75876B /* UIView+Reader.m */,
			);
			path = ARComposingCategory;
			sourceTree = "<group>";
		};
		BD02AB7F219577CCAF9B329C6F096EFB /* ARComposingUtils */ = {
			isa = PBXGroup;
			children = (
				997D8474573B00A593E8D0A0EE8020DA /* ARComposingUtils.h */,
				F86382F42A20AF329EADAE9FB240E63D /* ARComposingUtils.m */,
				D63DDFED49DD66812D04345F9D120E1F /* ARLineLayerDelegate.h */,
				FD7F5864372E782F7724946006BC0B8A /* ARLineLayerDelegate.m */,
				8E9B0CF080669255C28BB4B73B4B83FF /* ARLineManager.h */,
				4A1260B4F2022AFCFCF8966CB738D36B /* ARLineManager.m */,
				63AD99567B0EFE9F9B01226DAB7FE151 /* ARTextUtilities.h */,
				7B4478F54F36FB085859C4D95AB2A670 /* ARTextUtilities.m */,
			);
			path = ARComposingUtils;
			sourceTree = "<group>";
		};
		C2ADEAB606E1F935C39290BD5C94A6CC /* Frameworks */ = {
			isa = PBXGroup;
			children = (
				EF726688590221AC1DA818DFCB2D2DAC /* NotificationCenter.framework */,
				FBE9C9E5807B8A4F77EAD64FE3E46872 /* libPods-ARReader.a */,
			);
			name = Frameworks;
			sourceTree = "<group>";
		};
		C659AB8D8243891EB93DC0E2F4A99307 /* ARPageData */ = {
			isa = PBXGroup;
			children = (
				5CE5771B795D69CCC7E57576FA4F79E6 /* ARPageData.h */,
				034962B42E0DA6C9B04D8FF4585880AC /* ARPageData.m */,
			);
			path = ARPageData;
			sourceTree = "<group>";
		};
		C716BE740B0933EC15C17BD6894C25A9 /* ARPageParser */ = {
			isa = PBXGroup;
			children = (
				029C6A3F9011C3A7F46F9CF97555CFE1 /* ARPageParser.h */,
				3B64762C853BD678E663B3ECDA4D936A /* ARPageParser.m */,
			);
			path = ARPageParser;
			sourceTree = "<group>";
		};
		CB9B09A07FF5A797EDDAAB97038FC740 /* Main */ = {
			isa = PBXGroup;
			children = (
				85E40B3A30DF406ED59483017F77A058 /* ARMediator */,
				7CC355A9BDDFEA9CC69BEAA0C013965D /* Categories */,
				65344054B751F06161217595F0C49492 /* Components */,
				8B9D3CA9130F873436E2353D07EC375E /* Other */,
				348F1A6105CA8CB4B1DC2657DEC830F3 /* ARGCDCenter.h */,
				C79075C033ADED46276E55A2E68123B6 /* ARGCDCenter.m */,
				3FE4101ECAE96AD372FA0DD05143AF39 /* ARReaderCenter.h */,
				71BB2CD797C8263563D4424FBA73FA89 /* ARReaderCenter.m */,
				9AD6E360D91935CFC08DFBFA44C759C2 /* ARReaderDataSource.h */,
				16B97067A07FFF763BAA8C638EC96E6D /* ARReaderDataSource.m */,
			);
			path = Main;
			sourceTree = "<group>";
		};
/* End PBXGroup section */

/* Begin PBXNativeTarget section */
		0D2DC54A167F7401F89AD295983737C6 /* ARReaderWidget */ = {
			isa = PBXNativeTarget;
			buildConfigurationList = E25A1B999811C6456ED5281BD0FC1376 /* Build configuration list for PBXNativeTarget "ARReaderWidget" */;
			buildPhases = (
				4F5E62A59E7E180C1C3ED718846AEB44 /* Sources */,
				25157BBFD9D57BD7DB1ECBDCDA5ADFDD /* Frameworks */,
				4AEFA07569F1BAE54AA268F049A55AA7 /* Resources */,
			);
			buildRules = (
			);
			dependencies = (
			);
			name = ARReaderWidget;
			productName = ARReaderWidget;
			productReference = C4EAEC665110072B2B503858BFF28504 /* ARReaderWidget.appex */;
			productType = "com.apple.product-type.app-extension";
		};
		23318F92EDF56B7FDEF28C7A29912D77 /* ARReaderTests */ = {
			isa = PBXNativeTarget;
			buildConfigurationList = 10FDD172F24ECC5A1A4EBF883240D468 /* Build configuration list for PBXNativeTarget "ARReaderTests" */;
			buildPhases = (
				5FC0CE74A53FA95EEDDDC7D532330B00 /* Sources */,
				2F26DCA637BA16381DD982F51E4D7425 /* Frameworks */,
				E725B75209A9011B6C7E4CC2B2EBAE98 /* Resources */,
			);
			buildRules = (
			);
			dependencies = (
				48EDF5056568F1417F7602B5710D068D /* PBXTargetDependency */,
			);
			name = ARReaderTests;
			productName = ARReaderTests;
			productReference = 32D781B14524AD06ACCE6C1172056A7D /* ARReaderTests.xctest */;
			productType = "com.apple.product-type.bundle.unit-test";
		};
		B106A3BFAD171C7AB1439686667E3DA7 /* ARReader */ = {
			isa = PBXNativeTarget;
			buildConfigurationList = B76148D651342F514765A206F076E8FB /* Build configuration list for PBXNativeTarget "ARReader" */;
			buildPhases = (
				C1F64F77A39C17097308930915F86434 /* [CP] Check Pods Manifest.lock */,
				E2E448BABF47772ED98712D0924C0DDA /* Sources */,
				83CBD5C9C0037F1EE0C3A2958E45F8A8 /* Frameworks */,
				50C6724BD2A693168184B680C4127B40 /* Resources */,
				5ED29D80006832AC653A94F3E6C3FF18 /* [CP] Embed Pods Frameworks */,
				2BA85D139C01AC970DA88FE9A152A584 /* [CP] Copy Pods Resources */,
				1D167CC8EC47AA4702D282BB6641545E /* Embed App Extensions */,
			);
			buildRules = (
			);
			dependencies = (
				391F2EAB55A1171672989D17E455E789 /* PBXTargetDependency */,
			);
			name = ARReader;
			productName = ARReader;
			productReference = A05DADED31A67D7239A6822D756DB203 /* ARReader.app */;
			productType = "com.apple.product-type.application";
		};
/* End PBXNativeTarget section */

/* Begin PBXProject section */
		7E652BB1137A9A66BED95BB9CBCDA7FF /* Project object */ = {
			isa = PBXProject;
			attributes = {
				LastUpgradeCheck = 0820;
				ORGANIZATIONNAME = "Archy Van";
				TargetAttributes = {
					0D2DC54A167F7401F89AD295983737C6 = {
						CreatedOnToolsVersion = 8.2.1;
						DevelopmentTeam = ZR4YN8UXKQ;
						ProvisioningStyle = Automatic;
					};
					23318F92EDF56B7FDEF28C7A29912D77 = {
						CreatedOnToolsVersion = 8.2.1;
						ProvisioningStyle = Automatic;
						TestTargetID = B106A3BFAD171C7AB1439686667E3DA7;
					};
					B106A3BFAD171C7AB1439686667E3DA7 = {
						CreatedOnToolsVersion = 8.2.1;
						DevelopmentTeam = ZR4YN8UXKQ;
						ProvisioningStyle = Automatic;
					};
				};
			};
			buildConfigurationList = 926838BD4BE65E89587A6C2B711ED0F8 /* Build configuration list for PBXProject "ARReader" */;
			compatibilityVersion = "Xcode 3.2";
			developmentRegion = English;
			hasScannedForEncodings = 0;
			knownRegions = (
				en,
				Base,
			);
			mainGroup = 34943E0D3FB95D55D4DBCB39BB65346B;
			productRefGroup = A9E8337B2B9A490556483669CFD156F2 /* Products */;
			projectDirPath = "";
			projectRoot = "";
			targets = (
				B106A3BFAD171C7AB1439686667E3DA7 /* ARReader */,
				23318F92EDF56B7FDEF28C7A29912D77 /* ARReaderTests */,
				0D2DC54A167F7401F89AD295983737C6 /* ARReaderWidget */,
			);
		};
/* End PBXProject section */

/* Begin PBXResourcesBuildPhase section */
		4AEFA07569F1BAE54AA268F049A55AA7 /* Resources */ = {
			isa = PBXResourcesBuildPhase;
			buildActionMask = 2147483647;
			files = (
			);
			runOnlyForDeploymentPostprocessing = 0;
		};
		50C6724BD2A693168184B680C4127B40 /* Resources */ = {
			isa = PBXResourcesBuildPhase;
			buildActionMask = 2147483647;
			files = (
				816D5A7A1E70549200B35474 /* tianzhubian.txt in Resources */,
				8F91E4F00AE37BA815F4634CEE15B18F /* Assets.xcassets in Resources */,
				15638B5B3035784D41927C08D1C645F9 /* LaunchScreen.storyboard in Resources */,
				AC04805BE6A7E32A385A38AF77411BE2 /* sishen.txt in Resources */,
				5129E778E8D686BC90D6969C0DD675CA /* test.txt in Resources */,
			);
			runOnlyForDeploymentPostprocessing = 0;
		};
		E725B75209A9011B6C7E4CC2B2EBAE98 /* Resources */ = {
			isa = PBXResourcesBuildPhase;
			buildActionMask = 2147483647;
			files = (
			);
			runOnlyForDeploymentPostprocessing = 0;
		};
/* End PBXResourcesBuildPhase section */

/* Begin PBXShellScriptBuildPhase section */
		2BA85D139C01AC970DA88FE9A152A584 /* [CP] Copy Pods Resources */ = {
			isa = PBXShellScriptBuildPhase;
			buildActionMask = 2147483647;
			files = (
			);
			inputPaths = (
			);
			name = "[CP] Copy Pods Resources";
			outputPaths = (
			);
			runOnlyForDeploymentPostprocessing = 0;
			shellPath = /bin/sh;
			shellScript = "\"${SRCROOT}/Pods/Target Support Files/Pods-ARReader/Pods-ARReader-resources.sh\"\n";
			showEnvVarsInLog = 0;
		};
		5ED29D80006832AC653A94F3E6C3FF18 /* [CP] Embed Pods Frameworks */ = {
			isa = PBXShellScriptBuildPhase;
			buildActionMask = 2147483647;
			files = (
			);
			inputPaths = (
			);
			name = "[CP] Embed Pods Frameworks";
			outputPaths = (
			);
			runOnlyForDeploymentPostprocessing = 0;
			shellPath = /bin/sh;
			shellScript = "\"${SRCROOT}/Pods/Target Support Files/Pods-ARReader/Pods-ARReader-frameworks.sh\"\n";
			showEnvVarsInLog = 0;
		};
		C1F64F77A39C17097308930915F86434 /* [CP] Check Pods Manifest.lock */ = {
			isa = PBXShellScriptBuildPhase;
			buildActionMask = 2147483647;
			files = (
			);
			inputPaths = (
			);
			name = "[CP] Check Pods Manifest.lock";
			outputPaths = (
			);
			runOnlyForDeploymentPostprocessing = 0;
			shellPath = /bin/sh;
			shellScript = "diff \"${PODS_ROOT}/../Podfile.lock\" \"${PODS_ROOT}/Manifest.lock\" > /dev/null\nif [ $? != 0 ] ; then\n    # print error to STDERR\n    echo \"error: The sandbox is not in sync with the Podfile.lock. Run 'pod install' or update your CocoaPods installation.\" >&2\n    exit 1\nfi\n";
			showEnvVarsInLog = 0;
		};
/* End PBXShellScriptBuildPhase section */

/* Begin PBXSourcesBuildPhase section */
		4F5E62A59E7E180C1C3ED718846AEB44 /* Sources */ = {
			isa = PBXSourcesBuildPhase;
			buildActionMask = 2147483647;
			files = (
				27BA2FCCDBCA3BB3AD51053C3D1D33C2 /* TodayViewController.m in Sources */,
			);
			runOnlyForDeploymentPostprocessing = 0;
		};
		5FC0CE74A53FA95EEDDDC7D532330B00 /* Sources */ = {
			isa = PBXSourcesBuildPhase;
			buildActionMask = 2147483647;
			files = (
				4F9F7B0F875DDA6764792844A150286C /* ARReaderParserTest.m in Sources */,
				931F5C259385AB07351BB71675C8CB8C /* ARReaderTest.m in Sources */,
				019B127DE7BEB9236528439EBE14BE95 /* ARRedaerLineManagerTest.m in Sources */,
			);
			runOnlyForDeploymentPostprocessing = 0;
		};
		E2E448BABF47772ED98712D0924C0DDA /* Sources */ = {
			isa = PBXSourcesBuildPhase;
			buildActionMask = 2147483647;
			files = (
				CEF54D2D22C185336EA46DEBEE73530A /* ARAppDelegate.m in Sources */,
				2B68F70E0D939090E56F6F8A05B769E0 /* ARAsyncLayer.m in Sources */,
				B969C257F727A730A380324AB564DE32 /* ARBookIndicator.m in Sources */,
				CD2C91EF15CBAAC966EF60F1F3D42729 /* ARComposingUtils.m in Sources */,
				B43B80BBFB21EE2741BB27A096A546A2 /* ARDispatchQueuePool.m in Sources */,
				37123EB96114842D3D078F79A68497CC /* ARGCDCenter.m in Sources */,
				2980D726CE23EF8A1E123B1D59C77FA4 /* ARGCDGroup.m in Sources */,
				1FD6F49AB56BF9BE365297EB84862F3B /* ARGCDQueue.m in Sources */,
				AB7D3E71181CC5004D2CA32B20FB5A3C /* ARGCDSemaphore.m in Sources */,
				995882F699E642AC7C4EC543B42866CE /* ARGCDTimer.m in Sources */,
				B0F52BFD26422EE49404A33938DF4E75 /* ARLineLayerDelegate.m in Sources */,
				CED899E6515EF6CF7563C4ECD41FD810 /* ARLineManager.m in Sources */,
				CB070BB5BE2C3DF942F94CB90EA91C4A /* ARMediator+Reader.m in Sources */,
				04BA66587D1DAEC4E28368C6373A9897 /* ARMediator.m in Sources */,
				FF8F9664D9EDFC09BEDE02EF3BA58C58 /* ARPageData.m in Sources */,
				7E123888576D7F0E39BF26F9CFB0797A /* ARPageParser.m in Sources */,
				2225ABF879C92C5C195BFBBA5A9004F4 /* ARReaderCenter.m in Sources */,
				D21140C6840988595910DFB686AB0BCB /* ARReaderDataSource.m in Sources */,
				AB471C3F3DB9C2F27E009C6FFC6B2622 /* ARReaderKit.m in Sources */,
				C31F27741C938860902B1589D8C77FA5 /* ARSentinel.m in Sources */,
				9D046D662710ACEFFA4942636095A69B /* ARTarget.m in Sources */,
				8175114B1E6A8A5E00B3BB51 /* UIResponder+Router.m in Sources */,
				93E6616772A4780D1FCEE161A81D091A /* ARTextCursor.m in Sources */,
				C2DEB514EE758AC50761114F2F3706EF /* ARTextEffectWindow.m in Sources */,
				31B13BD0439799866EEB40774536B5ED /* ARTextLayout.m in Sources */,
				ADF0D2A9D52920F20553ECD7A617C5AE /* ARTextLine.m in Sources */,
				4405FD9FA40F89217DAD87E8CD77E7D1 /* ARTextMagnifier.m in Sources */,
				5B03465B2ADD0C649F4A62D25BD5A8BC /* ARTextOutput.m in Sources */,
				FE57161BB7A0F2865765C2C3F8CB9AFA /* ARTextUtilities.m in Sources */,
				3CF867E695B5130D176F7D0CA94D6F83 /* ARTextView.m in Sources */,
				4D0448816E981B3E5656C7DB4C1064D7 /* ARTransaction.m in Sources */,
				E145E4401C34274D5FC0B9F77CC0D90D /* CALayer+Quick.m in Sources */,
				36777781298966F448C6D9430AA8533A /* CALayer+Reader.m in Sources */,
				D0429BAF5E1BF1ED7092AB5D3E8DCFCA /* UIColor+Reader.m in Sources */,
				EA73FB055BCEE4F0D64F42C848E1AB58 /* UIView+Quick.m in Sources */,
				A2B9E69667A9C152339C84C648D7C005 /* UIView+Reader.m in Sources */,
				453D499478455982570103C6605D1292 /* main.m in Sources */,
			);
			runOnlyForDeploymentPostprocessing = 0;
		};
/* End PBXSourcesBuildPhase section */

/* Begin PBXTargetDependency section */
		391F2EAB55A1171672989D17E455E789 /* PBXTargetDependency */ = {
			isa = PBXTargetDependency;
			target = 0D2DC54A167F7401F89AD295983737C6 /* ARReaderWidget */;
			targetProxy = E59DCB2AC7ECCEA37EBEF9468A3A5794 /* PBXContainerItemProxy */;
		};
		48EDF5056568F1417F7602B5710D068D /* PBXTargetDependency */ = {
			isa = PBXTargetDependency;
			target = B106A3BFAD171C7AB1439686667E3DA7 /* ARReader */;
			targetProxy = 82BF36B73071AEDD7E5974FE3D531569 /* PBXContainerItemProxy */;
		};
/* End PBXTargetDependency section */

/* Begin PBXVariantGroup section */
		1FAC264694BC8354B31EAB8169398E6D /* LaunchScreen.storyboard */ = {
			isa = PBXVariantGroup;
			children = (
				1F3A2432A591EFB1BA11CFF167777CE9 /* Base */,
			);
			name = LaunchScreen.storyboard;
			sourceTree = "<group>";
		};
/* End PBXVariantGroup section */

/* Begin XCBuildConfiguration section */
		011E211E7238AC2C524C1E6568ED0019 /* Release */ = {
			isa = XCBuildConfiguration;
			buildSettings = {
				DEVELOPMENT_TEAM = ZR4YN8UXKQ;
				INFOPLIST_FILE = ARReaderWidget/Info.plist;
				LD_RUNPATH_SEARCH_PATHS = "$(inherited) @executable_path/Frameworks @executable_path/../../Frameworks";
				PRODUCT_BUNDLE_IDENTIFIER = com.archy.ARReader.ARReaderWidget;
				PRODUCT_NAME = "$(TARGET_NAME)";
				SKIP_INSTALL = YES;
			};
			name = Release;
		};
		10BE5D6894900E485748AD688394D97C /* Debug */ = {
			isa = XCBuildConfiguration;
			buildSettings = {
				DEVELOPMENT_TEAM = ZR4YN8UXKQ;
				INFOPLIST_FILE = ARReaderWidget/Info.plist;
				LD_RUNPATH_SEARCH_PATHS = "$(inherited) @executable_path/Frameworks @executable_path/../../Frameworks";
				PRODUCT_BUNDLE_IDENTIFIER = com.archy.ARReader.ARReaderWidget;
				PRODUCT_NAME = "$(TARGET_NAME)";
				SKIP_INSTALL = YES;
			};
			name = Debug;
		};
		1AEFC8388C36331697809CF287769F9A /* Release */ = {
			isa = XCBuildConfiguration;
			buildSettings = {
				BUNDLE_LOADER = "$(TEST_HOST)";
				INFOPLIST_FILE = ARReaderTests/Info.plist;
				LD_RUNPATH_SEARCH_PATHS = "$(inherited) @executable_path/Frameworks @loader_path/Frameworks";
				PRODUCT_BUNDLE_IDENTIFIER = com.archy.ARReaderTests;
				PRODUCT_NAME = "$(TARGET_NAME)";
				TEST_HOST = "$(BUILT_PRODUCTS_DIR)/ARReader.app/ARReader";
			};
			name = Release;
		};
		4E958D1BA3FA43D59EE766E2A791C513 /* Debug */ = {
			isa = XCBuildConfiguration;
			buildSettings = {
				BUNDLE_LOADER = "$(TEST_HOST)";
				INFOPLIST_FILE = ARReaderTests/Info.plist;
				LD_RUNPATH_SEARCH_PATHS = "$(inherited) @executable_path/Frameworks @loader_path/Frameworks";
				PRODUCT_BUNDLE_IDENTIFIER = com.archy.ARReaderTests;
				PRODUCT_NAME = "$(TARGET_NAME)";
				TEST_HOST = "$(BUILT_PRODUCTS_DIR)/ARReader.app/ARReader";
			};
			name = Debug;
		};
		63C1A517B6B4E09F01B480073AAD1AAF /* Release */ = {
			isa = XCBuildConfiguration;
			baseConfigurationReference = 2B737FF5DE75DBCCB5668C090FEAEB76 /* Pods-ARReader.release.xcconfig */;
			buildSettings = {
				ASSETCATALOG_COMPILER_APPICON_NAME = AppIcon;
				DEVELOPMENT_TEAM = ZR4YN8UXKQ;
				ENABLE_BITCODE = YES;
				INFOPLIST_FILE = ARReader/Info.plist;
				LD_RUNPATH_SEARCH_PATHS = "$(inherited) @executable_path/Frameworks";
				PRODUCT_BUNDLE_IDENTIFIER = com.archy.ARReader;
				PRODUCT_NAME = "$(TARGET_NAME)";
				WARNING_CFLAGS = "";
			};
			name = Release;
		};
		B9F7D4B70C331CCA40E3C0A24FB69305 /* Debug */ = {
			isa = XCBuildConfiguration;
			buildSettings = {
				ALWAYS_SEARCH_USER_PATHS = NO;
				CLANG_ANALYZER_NONNULL = YES;
				CLANG_CXX_LANGUAGE_STANDARD = "gnu++0x";
				CLANG_CXX_LIBRARY = "libc++";
				CLANG_ENABLE_MODULES = YES;
				CLANG_ENABLE_OBJC_ARC = YES;
				CLANG_WARN_BOOL_CONVERSION = YES;
				CLANG_WARN_CONSTANT_CONVERSION = YES;
				CLANG_WARN_DIRECT_OBJC_ISA_USAGE = YES_ERROR;
				CLANG_WARN_DOCUMENTATION_COMMENTS = YES;
				CLANG_WARN_EMPTY_BODY = YES;
				CLANG_WARN_ENUM_CONVERSION = YES;
				CLANG_WARN_INFINITE_RECURSION = YES;
				CLANG_WARN_INT_CONVERSION = YES;
				CLANG_WARN_OBJC_ROOT_CLASS = YES_ERROR;
				CLANG_WARN_SUSPICIOUS_MOVE = YES;
				CLANG_WARN_UNREACHABLE_CODE = YES;
				CLANG_WARN__DUPLICATE_METHOD_MATCH = YES;
				"CODE_SIGN_IDENTITY[sdk=iphoneos*]" = "iPhone Developer";
				COPY_PHASE_STRIP = NO;
				DEBUG_INFORMATION_FORMAT = dwarf;
				ENABLE_STRICT_OBJC_MSGSEND = YES;
				ENABLE_TESTABILITY = YES;
				GCC_C_LANGUAGE_STANDARD = gnu99;
				GCC_DYNAMIC_NO_PIC = NO;
				GCC_NO_COMMON_BLOCKS = YES;
				GCC_OPTIMIZATION_LEVEL = 0;
				GCC_PREPROCESSOR_DEFINITIONS = (
					"DEBUG=1",
					"$(inherited)",
				);
				GCC_WARN_64_TO_32_BIT_CONVERSION = YES;
				GCC_WARN_ABOUT_RETURN_TYPE = YES_ERROR;
				GCC_WARN_UNDECLARED_SELECTOR = YES;
				GCC_WARN_UNINITIALIZED_AUTOS = YES_AGGRESSIVE;
				GCC_WARN_UNUSED_FUNCTION = YES;
				GCC_WARN_UNUSED_VARIABLE = YES;
				IPHONEOS_DEPLOYMENT_TARGET = 10.2;
				MTL_ENABLE_DEBUG_INFO = YES;
				ONLY_ACTIVE_ARCH = YES;
				SDKROOT = iphoneos;
				TARGETED_DEVICE_FAMILY = "1,2";
			};
			name = Debug;
		};
		F02517455CABF209CC9F754AC68E9E06 /* Debug */ = {
			isa = XCBuildConfiguration;
			baseConfigurationReference = 73F7F567D3130CE8C6C65117ECDFC733 /* Pods-ARReader.debug.xcconfig */;
			buildSettings = {
				ASSETCATALOG_COMPILER_APPICON_NAME = AppIcon;
				DEVELOPMENT_TEAM = ZR4YN8UXKQ;
				ENABLE_BITCODE = YES;
				INFOPLIST_FILE = ARReader/Info.plist;
				LD_RUNPATH_SEARCH_PATHS = "$(inherited) @executable_path/Frameworks";
				PRODUCT_BUNDLE_IDENTIFIER = com.archy.ARReader;
				PRODUCT_NAME = "$(TARGET_NAME)";
				WARNING_CFLAGS = "";
			};
			name = Debug;
		};
		F8BC832045BDFC7F41C971923A3412A4 /* Release */ = {
			isa = XCBuildConfiguration;
			buildSettings = {
				ALWAYS_SEARCH_USER_PATHS = NO;
				CLANG_ANALYZER_NONNULL = YES;
				CLANG_CXX_LANGUAGE_STANDARD = "gnu++0x";
				CLANG_CXX_LIBRARY = "libc++";
				CLANG_ENABLE_MODULES = YES;
				CLANG_ENABLE_OBJC_ARC = YES;
				CLANG_WARN_BOOL_CONVERSION = YES;
				CLANG_WARN_CONSTANT_CONVERSION = YES;
				CLANG_WARN_DIRECT_OBJC_ISA_USAGE = YES_ERROR;
				CLANG_WARN_DOCUMENTATION_COMMENTS = YES;
				CLANG_WARN_EMPTY_BODY = YES;
				CLANG_WARN_ENUM_CONVERSION = YES;
				CLANG_WARN_INFINITE_RECURSION = YES;
				CLANG_WARN_INT_CONVERSION = YES;
				CLANG_WARN_OBJC_ROOT_CLASS = YES_ERROR;
				CLANG_WARN_SUSPICIOUS_MOVE = YES;
				CLANG_WARN_UNREACHABLE_CODE = YES;
				CLANG_WARN__DUPLICATE_METHOD_MATCH = YES;
				"CODE_SIGN_IDENTITY[sdk=iphoneos*]" = "iPhone Developer";
				COPY_PHASE_STRIP = NO;
				DEBUG_INFORMATION_FORMAT = "dwarf-with-dsym";
				ENABLE_NS_ASSERTIONS = NO;
				ENABLE_STRICT_OBJC_MSGSEND = YES;
				GCC_C_LANGUAGE_STANDARD = gnu99;
				GCC_NO_COMMON_BLOCKS = YES;
				GCC_WARN_64_TO_32_BIT_CONVERSION = YES;
				GCC_WARN_ABOUT_RETURN_TYPE = YES_ERROR;
				GCC_WARN_UNDECLARED_SELECTOR = YES;
				GCC_WARN_UNINITIALIZED_AUTOS = YES_AGGRESSIVE;
				GCC_WARN_UNUSED_FUNCTION = YES;
				GCC_WARN_UNUSED_VARIABLE = YES;
				IPHONEOS_DEPLOYMENT_TARGET = 10.2;
				MTL_ENABLE_DEBUG_INFO = NO;
				SDKROOT = iphoneos;
				TARGETED_DEVICE_FAMILY = "1,2";
				VALIDATE_PRODUCT = YES;
			};
			name = Release;
		};
/* End XCBuildConfiguration section */

/* Begin XCConfigurationList section */
		10FDD172F24ECC5A1A4EBF883240D468 /* Build configuration list for PBXNativeTarget "ARReaderTests" */ = {
			isa = XCConfigurationList;
			buildConfigurations = (
				4E958D1BA3FA43D59EE766E2A791C513 /* Debug */,
				1AEFC8388C36331697809CF287769F9A /* Release */,
			);
			defaultConfigurationIsVisible = 0;
			defaultConfigurationName = Release;
		};
		926838BD4BE65E89587A6C2B711ED0F8 /* Build configuration list for PBXProject "ARReader" */ = {
			isa = XCConfigurationList;
			buildConfigurations = (
				B9F7D4B70C331CCA40E3C0A24FB69305 /* Debug */,
				F8BC832045BDFC7F41C971923A3412A4 /* Release */,
			);
			defaultConfigurationIsVisible = 0;
			defaultConfigurationName = Release;
		};
		B76148D651342F514765A206F076E8FB /* Build configuration list for PBXNativeTarget "ARReader" */ = {
			isa = XCConfigurationList;
			buildConfigurations = (
				F02517455CABF209CC9F754AC68E9E06 /* Debug */,
				63C1A517B6B4E09F01B480073AAD1AAF /* Release */,
			);
			defaultConfigurationIsVisible = 0;
			defaultConfigurationName = Release;
		};
		E25A1B999811C6456ED5281BD0FC1376 /* Build configuration list for PBXNativeTarget "ARReaderWidget" */ = {
			isa = XCConfigurationList;
			buildConfigurations = (
				10BE5D6894900E485748AD688394D97C /* Debug */,
				011E211E7238AC2C524C1E6568ED0019 /* Release */,
			);
			defaultConfigurationIsVisible = 0;
			defaultConfigurationName = Release;
		};
/* End XCConfigurationList section */
	};
	rootObject = 7E652BB1137A9A66BED95BB9CBCDA7FF /* Project object */;
}
